
Microsoft Visual Studio Solution File, Format Version 12.00
# Visual Studio Version 17
VisualStudioVersion = 17.1.32421.90
MinimumVisualStudioVersion = 15.0.26124.0
Project("{2150E333-8FDC-42A3-9474-1A3956D46DE8}") = "content", "content", "{C506315D-0E8E-4CA0-8804-11562D25ECFD}"
EndProject
Project("{9A19103F-16F7-4668-BE54-9A1E7A4F7556}") = "BatchJobProcessor", "content\BatchJobProcessor\BatchJobProcessor.csproj", "{9CE9AE3F-E1BD-41FA-B50D-DF2F63B49C8A}"
EndProject
Project("{9A19103F-16F7-4668-BE54-9A1E7A4F7556}") = "EventLambdaFunction", "content\EventLambdaFunction\EventLambdaFunction.csproj", "{5F17DEFA-85D0-495B-87E8-C6AC9A6751E1}"
EndProject
Project("{9A19103F-16F7-4668-BE54-9A1E7A4F7556}") = "RequestResponseLambdaFunction", "content\RequestResponseLambdaFunction\RequestResponseLambdaFunction.csproj", "{FA197B7F-8ED6-43D8-832F-E9A5CD667B5E}"
EndProject
Project("{9A19103F-16F7-4668-BE54-9A1E7A4F7556}") = "UnitTestProject", "content\UnitTestProject\UnitTestProject.csproj", "{95A316AC-A45D-41A9-8A8E-4E38EC446779}"
EndProject
Project("{9A19103F-16F7-4668-BE54-9A1E7A4F7556}") = "WebApiHost", "content\WebApiHost\WebApiHost.csproj", "{0EB74EF5-B631-468B-A504-93FC8E1AB549}"
EndProject
Project("{9A19103F-16F7-4668-BE54-9A1E7A4F7556}") = "WindowsService", "content\WindowsService\WindowsService.csproj", "{B97D0670-B66D-4EE0-B9AA-C87763E0DB75}"
EndProject
Project("{9A19103F-16F7-4668-BE54-9A1E7A4F7556}") = "HostedService", "content\HostedService\HostedService.csproj", "{DDD24FF1-28BB-487F-A04C-67BAE179CC04}"
EndProject
Project("{FAE04EC0-301F-11D3-BF4B-00C04F79EFBC}") = "gRPCService", "content\gRPCService\gRPCService.csproj", "{8DB33A62-30EB-4CF4-A2FD-BD60B32E4F50}"
EndProject
Project("{FAE04EC0-301F-11D3-BF4B-00C04F79EFBC}") = "MassTransit.Consumer", "content\MassTransit.Consumer\MassTransit.Consumer.csproj", "{5C4D3048-61F2-4375-A1EA-95D39879AFF6}"
EndProject
Global
	GlobalSection(SolutionConfigurationPlatforms) = preSolution
		Debug|Any CPU = Debug|Any CPU
		Debug|x64 = Debug|x64
		Debug|x86 = Debug|x86
		Release|Any CPU = Release|Any CPU
		Release|x64 = Release|x64
		Release|x86 = Release|x86
	EndGlobalSection
	GlobalSection(ProjectConfigurationPlatforms) = postSolution
		{9CE9AE3F-E1BD-41FA-B50D-DF2F63B49C8A}.Debug|Any CPU.ActiveCfg = Debug|Any CPU
		{9CE9AE3F-E1BD-41FA-B50D-DF2F63B49C8A}.Debug|Any CPU.Build.0 = Debug|Any CPU
		{9CE9AE3F-E1BD-41FA-B50D-DF2F63B49C8A}.Debug|x64.ActiveCfg = Debug|Any CPU
		{9CE9AE3F-E1BD-41FA-B50D-DF2F63B49C8A}.Debug|x64.Build.0 = Debug|Any CPU
		{9CE9AE3F-E1BD-41FA-B50D-DF2F63B49C8A}.Debug|x86.ActiveCfg = Debug|Any CPU
		{9CE9AE3F-E1BD-41FA-B50D-DF2F63B49C8A}.Debug|x86.Build.0 = Debug|Any CPU
		{9CE9AE3F-E1BD-41FA-B50D-DF2F63B49C8A}.Release|Any CPU.ActiveCfg = Release|Any CPU
		{9CE9AE3F-E1BD-41FA-B50D-DF2F63B49C8A}.Release|Any CPU.Build.0 = Release|Any CPU
		{9CE9AE3F-E1BD-41FA-B50D-DF2F63B49C8A}.Release|x64.ActiveCfg = Release|Any CPU
		{9CE9AE3F-E1BD-41FA-B50D-DF2F63B49C8A}.Release|x64.Build.0 = Release|Any CPU
		{9CE9AE3F-E1BD-41FA-B50D-DF2F63B49C8A}.Release|x86.ActiveCfg = Release|Any CPU
		{9CE9AE3F-E1BD-41FA-B50D-DF2F63B49C8A}.Release|x86.Build.0 = Release|Any CPU
		{5F17DEFA-85D0-495B-87E8-C6AC9A6751E1}.Debug|Any CPU.ActiveCfg = Debug|Any CPU
		{5F17DEFA-85D0-495B-87E8-C6AC9A6751E1}.Debug|Any CPU.Build.0 = Debug|Any CPU
		{5F17DEFA-85D0-495B-87E8-C6AC9A6751E1}.Debug|x64.ActiveCfg = Debug|Any CPU
		{5F17DEFA-85D0-495B-87E8-C6AC9A6751E1}.Debug|x64.Build.0 = Debug|Any CPU
		{5F17DEFA-85D0-495B-87E8-C6AC9A6751E1}.Debug|x86.ActiveCfg = Debug|Any CPU
		{5F17DEFA-85D0-495B-87E8-C6AC9A6751E1}.Debug|x86.Build.0 = Debug|Any CPU
		{5F17DEFA-85D0-495B-87E8-C6AC9A6751E1}.Release|Any CPU.ActiveCfg = Release|Any CPU
		{5F17DEFA-85D0-495B-87E8-C6AC9A6751E1}.Release|Any CPU.Build.0 = Release|Any CPU
		{5F17DEFA-85D0-495B-87E8-C6AC9A6751E1}.Release|x64.ActiveCfg = Release|Any CPU
		{5F17DEFA-85D0-495B-87E8-C6AC9A6751E1}.Release|x64.Build.0 = Release|Any CPU
		{5F17DEFA-85D0-495B-87E8-C6AC9A6751E1}.Release|x86.ActiveCfg = Release|Any CPU
		{5F17DEFA-85D0-495B-87E8-C6AC9A6751E1}.Release|x86.Build.0 = Release|Any CPU
		{FA197B7F-8ED6-43D8-832F-E9A5CD667B5E}.Debug|Any CPU.ActiveCfg = Debug|Any CPU
		{FA197B7F-8ED6-43D8-832F-E9A5CD667B5E}.Debug|Any CPU.Build.0 = Debug|Any CPU
		{FA197B7F-8ED6-43D8-832F-E9A5CD667B5E}.Debug|x64.ActiveCfg = Debug|Any CPU
		{FA197B7F-8ED6-43D8-832F-E9A5CD667B5E}.Debug|x64.Build.0 = Debug|Any CPU
		{FA197B7F-8ED6-43D8-832F-E9A5CD667B5E}.Debug|x86.ActiveCfg = Debug|Any CPU
		{FA197B7F-8ED6-43D8-832F-E9A5CD667B5E}.Debug|x86.Build.0 = Debug|Any CPU
		{FA197B7F-8ED6-43D8-832F-E9A5CD667B5E}.Release|Any CPU.ActiveCfg = Release|Any CPU
		{FA197B7F-8ED6-43D8-832F-E9A5CD667B5E}.Release|Any CPU.Build.0 = Release|Any CPU
		{FA197B7F-8ED6-43D8-832F-E9A5CD667B5E}.Release|x64.ActiveCfg = Release|Any CPU
		{FA197B7F-8ED6-43D8-832F-E9A5CD667B5E}.Release|x64.Build.0 = Release|Any CPU
		{FA197B7F-8ED6-43D8-832F-E9A5CD667B5E}.Release|x86.ActiveCfg = Release|Any CPU
		{FA197B7F-8ED6-43D8-832F-E9A5CD667B5E}.Release|x86.Build.0 = Release|Any CPU
		{95A316AC-A45D-41A9-8A8E-4E38EC446779}.Debug|Any CPU.ActiveCfg = Debug|Any CPU
		{95A316AC-A45D-41A9-8A8E-4E38EC446779}.Debug|Any CPU.Build.0 = Debug|Any CPU
		{95A316AC-A45D-41A9-8A8E-4E38EC446779}.Debug|x64.ActiveCfg = Debug|Any CPU
		{95A316AC-A45D-41A9-8A8E-4E38EC446779}.Debug|x64.Build.0 = Debug|Any CPU
		{95A316AC-A45D-41A9-8A8E-4E38EC446779}.Debug|x86.ActiveCfg = Debug|Any CPU
		{95A316AC-A45D-41A9-8A8E-4E38EC446779}.Debug|x86.Build.0 = Debug|Any CPU
		{95A316AC-A45D-41A9-8A8E-4E38EC446779}.Release|Any CPU.ActiveCfg = Release|Any CPU
		{95A316AC-A45D-41A9-8A8E-4E38EC446779}.Release|Any CPU.Build.0 = Release|Any CPU
		{95A316AC-A45D-41A9-8A8E-4E38EC446779}.Release|x64.ActiveCfg = Release|Any CPU
		{95A316AC-A45D-41A9-8A8E-4E38EC446779}.Release|x64.Build.0 = Release|Any CPU
		{95A316AC-A45D-41A9-8A8E-4E38EC446779}.Release|x86.ActiveCfg = Release|Any CPU
		{95A316AC-A45D-41A9-8A8E-4E38EC446779}.Release|x86.Build.0 = Release|Any CPU
		{0EB74EF5-B631-468B-A504-93FC8E1AB549}.Debug|Any CPU.ActiveCfg = Debug|Any CPU
		{0EB74EF5-B631-468B-A504-93FC8E1AB549}.Debug|Any CPU.Build.0 = Debug|Any CPU
		{0EB74EF5-B631-468B-A504-93FC8E1AB549}.Debug|x64.ActiveCfg = Debug|Any CPU
		{0EB74EF5-B631-468B-A504-93FC8E1AB549}.Debug|x64.Build.0 = Debug|Any CPU
		{0EB74EF5-B631-468B-A504-93FC8E1AB549}.Debug|x86.ActiveCfg = Debug|Any CPU
		{0EB74EF5-B631-468B-A504-93FC8E1AB549}.Debug|x86.Build.0 = Debug|Any CPU
		{0EB74EF5-B631-468B-A504-93FC8E1AB549}.Release|Any CPU.ActiveCfg = Release|Any CPU
		{0EB74EF5-B631-468B-A504-93FC8E1AB549}.Release|Any CPU.Build.0 = Release|Any CPU
		{0EB74EF5-B631-468B-A504-93FC8E1AB549}.Release|x64.ActiveCfg = Release|Any CPU
		{0EB74EF5-B631-468B-A504-93FC8E1AB549}.Release|x64.Build.0 = Release|Any CPU
		{0EB74EF5-B631-468B-A504-93FC8E1AB549}.Release|x86.ActiveCfg = Release|Any CPU
		{0EB74EF5-B631-468B-A504-93FC8E1AB549}.Release|x86.Build.0 = Release|Any CPU
		{B97D0670-B66D-4EE0-B9AA-C87763E0DB75}.Debug|Any CPU.ActiveCfg = Debug|Any CPU
		{B97D0670-B66D-4EE0-B9AA-C87763E0DB75}.Debug|Any CPU.Build.0 = Debug|Any CPU
		{B97D0670-B66D-4EE0-B9AA-C87763E0DB75}.Debug|x64.ActiveCfg = Debug|Any CPU
		{B97D0670-B66D-4EE0-B9AA-C87763E0DB75}.Debug|x64.Build.0 = Debug|Any CPU
		{B97D0670-B66D-4EE0-B9AA-C87763E0DB75}.Debug|x86.ActiveCfg = Debug|Any CPU
		{B97D0670-B66D-4EE0-B9AA-C87763E0DB75}.Debug|x86.Build.0 = Debug|Any CPU
		{B97D0670-B66D-4EE0-B9AA-C87763E0DB75}.Release|Any CPU.ActiveCfg = Release|Any CPU
		{B97D0670-B66D-4EE0-B9AA-C87763E0DB75}.Release|Any CPU.Build.0 = Release|Any CPU
		{B97D0670-B66D-4EE0-B9AA-C87763E0DB75}.Release|x64.ActiveCfg = Release|Any CPU
		{B97D0670-B66D-4EE0-B9AA-C87763E0DB75}.Release|x64.Build.0 = Release|Any CPU
		{B97D0670-B66D-4EE0-B9AA-C87763E0DB75}.Release|x86.ActiveCfg = Release|Any CPU
		{B97D0670-B66D-4EE0-B9AA-C87763E0DB75}.Release|x86.Build.0 = Release|Any CPU
		{DDD24FF1-28BB-487F-A04C-67BAE179CC04}.Debug|Any CPU.ActiveCfg = Debug|Any CPU
		{DDD24FF1-28BB-487F-A04C-67BAE179CC04}.Debug|Any CPU.Build.0 = Debug|Any CPU
		{DDD24FF1-28BB-487F-A04C-67BAE179CC04}.Debug|x64.ActiveCfg = Debug|Any CPU
		{DDD24FF1-28BB-487F-A04C-67BAE179CC04}.Debug|x64.Build.0 = Debug|Any CPU
		{DDD24FF1-28BB-487F-A04C-67BAE179CC04}.Debug|x86.ActiveCfg = Debug|Any CPU
		{DDD24FF1-28BB-487F-A04C-67BAE179CC04}.Debug|x86.Build.0 = Debug|Any CPU
		{DDD24FF1-28BB-487F-A04C-67BAE179CC04}.Release|Any CPU.ActiveCfg = Release|Any CPU
		{DDD24FF1-28BB-487F-A04C-67BAE179CC04}.Release|Any CPU.Build.0 = Release|Any CPU
		{DDD24FF1-28BB-487F-A04C-67BAE179CC04}.Release|x64.ActiveCfg = Release|Any CPU
		{DDD24FF1-28BB-487F-A04C-67BAE179CC04}.Release|x64.Build.0 = Release|Any CPU
		{DDD24FF1-28BB-487F-A04C-67BAE179CC04}.Release|x86.ActiveCfg = Release|Any CPU
		{DDD24FF1-28BB-487F-A04C-67BAE179CC04}.Release|x86.Build.0 = Release|Any CPU
		{8DB33A62-30EB-4CF4-A2FD-BD60B32E4F50}.Debug|Any CPU.ActiveCfg = Debug|Any CPU
		{8DB33A62-30EB-4CF4-A2FD-BD60B32E4F50}.Debug|Any CPU.Build.0 = Debug|Any CPU
		{8DB33A62-30EB-4CF4-A2FD-BD60B32E4F50}.Debug|x64.ActiveCfg = Debug|Any CPU
		{8DB33A62-30EB-4CF4-A2FD-BD60B32E4F50}.Debug|x64.Build.0 = Debug|Any CPU
		{8DB33A62-30EB-4CF4-A2FD-BD60B32E4F50}.Debug|x86.ActiveCfg = Debug|Any CPU
		{8DB33A62-30EB-4CF4-A2FD-BD60B32E4F50}.Debug|x86.Build.0 = Debug|Any CPU
		{8DB33A62-30EB-4CF4-A2FD-BD60B32E4F50}.Release|Any CPU.ActiveCfg = Release|Any CPU
		{8DB33A62-30EB-4CF4-A2FD-BD60B32E4F50}.Release|Any CPU.Build.0 = Release|Any CPU
		{8DB33A62-30EB-4CF4-A2FD-BD60B32E4F50}.Release|x64.ActiveCfg = Release|Any CPU
		{8DB33A62-30EB-4CF4-A2FD-BD60B32E4F50}.Release|x64.Build.0 = Release|Any CPU
		{8DB33A62-30EB-4CF4-A2FD-BD60B32E4F50}.Release|x86.ActiveCfg = Release|Any CPU
		{8DB33A62-30EB-4CF4-A2FD-BD60B32E4F50}.Release|x86.Build.0 = Release|Any CPU
	EndGlobalSection
	GlobalSection(SolutionProperties) = preSolution
		HideSolutionNode = FALSE
	EndGlobalSection
	GlobalSection(NestedProjects) = preSolution
		{9CE9AE3F-E1BD-41FA-B50D-DF2F63B49C8A} = {C506315D-0E8E-4CA0-8804-11562D25ECFD}
		{5F17DEFA-85D0-495B-87E8-C6AC9A6751E1} = {C506315D-0E8E-4CA0-8804-11562D25ECFD}
		{FA197B7F-8ED6-43D8-832F-E9A5CD667B5E} = {C506315D-0E8E-4CA0-8804-11562D25ECFD}
		{95A316AC-A45D-41A9-8A8E-4E38EC446779} = {C506315D-0E8E-4CA0-8804-11562D25ECFD}
		{0EB74EF5-B631-468B-A504-93FC8E1AB549} = {C506315D-0E8E-4CA0-8804-11562D25ECFD}
		{B97D0670-B66D-4EE0-B9AA-C87763E0DB75} = {C506315D-0E8E-4CA0-8804-11562D25ECFD}
		{DDD24FF1-28BB-487F-A04C-67BAE179CC04} = {C506315D-0E8E-4CA0-8804-11562D25ECFD}
		{8DB33A62-30EB-4CF4-A2FD-BD60B32E4F50} = {C506315D-0E8E-4CA0-8804-11562D25ECFD}
	EndGlobalSection
	GlobalSection(ExtensibilityGlobals) = postSolution
		SolutionGuid = {1E5EE368-CCA6-4EC5-88DC-35C383629910}
	EndGlobalSection
EndGlobal
