
Microsoft Visual Studio Solution File, Format Version 12.00
# Visual Studio Version 16
VisualStudioVersion = 16.0.28729.10
MinimumVisualStudioVersion = 15.0.26124.0
Project("{9A19103F-16F7-4668-BE54-9A1E7A4F7556}") = "WcfWindowsService", "Templates\content\WcfWindowsService\WcfWindowsService.csproj", "{A7820866-7972-4A63-BDDA-9BFB903797E8}"
EndProject
Project("{2150E333-8FDC-42A3-9474-1A3956D46DE8}") = "templates", "templates", "{F49BC940-A1EC-41EE-ACAB-E3DB02A58EC4}"
EndProject
Project("{9A19103F-16F7-4668-BE54-9A1E7A4F7556}") = "WcfWindowsServiceWithNybus", "Templates\content\WcfWindowsServiceWithNybus\WcfWindowsServiceWithNybus.csproj", "{F7AD8BD2-1B14-4984-897B-1DF347397A85}"
EndProject
Project("{9A19103F-16F7-4668-BE54-9A1E7A4F7556}") = "NybusWindowsService", "Templates\content\NybusWindowsService\NybusWindowsService.csproj", "{4714FE51-5482-4858-ABCE-86DB8CF05AD5}"
EndProject
Project("{9A19103F-16F7-4668-BE54-9A1E7A4F7556}") = "LambdaLocalRunner", "Templates\content\LambdaLocalRunner\LambdaLocalRunner.csproj", "{0E6DFC37-1EED-438A-A255-96CFDEA06200}"
EndProject
Project("{2150E333-8FDC-42A3-9474-1A3956D46DE8}") = "content", "content", "{6AC8CDB4-F15E-43CD-AF9B-E6435671E64A}"
EndProject
Project("{9A19103F-16F7-4668-BE54-9A1E7A4F7556}") = "WebApiHost", "Templates\content\WebApiHost\WebApiHost.csproj", "{9FF2E9A5-955E-46AF-927E-9D653F9F76B8}"
EndProject
Project("{9A19103F-16F7-4668-BE54-9A1E7A4F7556}") = "UnitTestProject", "Templates\content\UnitTestProject\UnitTestProject.csproj", "{EA2393A6-1F97-4750-8958-E5387DEF4C0C}"
EndProject
Project("{FAE04EC0-301F-11D3-BF4B-00C04F79EFBC}") = "BatchJobProcessor", "Templates\content\BatchJobProcessor\BatchJobProcessor.csproj", "{B35C939A-D5D1-4911-8DE6-356E475D52B8}"
EndProject
Project("{FAE04EC0-301F-11D3-BF4B-00C04F79EFBC}") = "EventLambdaFunction", "Templates\content\EventLambdaFunction\EventLambdaFunction.csproj", "{6ECDAB3D-96D3-40A3-A579-97C0FE980657}"
EndProject
Project("{FAE04EC0-301F-11D3-BF4B-00C04F79EFBC}") = "RequestResponseLambdaFunction", "Templates\content\RequestResponseLambdaFunction\RequestResponseLambdaFunction.csproj", "{04228854-2EEE-44CC-ADCE-536119621295}"
EndProject
Global
	GlobalSection(SolutionConfigurationPlatforms) = preSolution
		Debug|Any CPU = Debug|Any CPU
		Debug|x64 = Debug|x64
		Debug|x86 = Debug|x86
		Release|Any CPU = Release|Any CPU
		Release|x64 = Release|x64
		Release|x86 = Release|x86
	EndGlobalSection
	GlobalSection(ProjectConfigurationPlatforms) = postSolution
		{A7820866-7972-4A63-BDDA-9BFB903797E8}.Debug|Any CPU.ActiveCfg = Debug|Any CPU
		{A7820866-7972-4A63-BDDA-9BFB903797E8}.Debug|Any CPU.Build.0 = Debug|Any CPU
		{A7820866-7972-4A63-BDDA-9BFB903797E8}.Debug|x64.ActiveCfg = Debug|Any CPU
		{A7820866-7972-4A63-BDDA-9BFB903797E8}.Debug|x86.ActiveCfg = Debug|Any CPU
		{A7820866-7972-4A63-BDDA-9BFB903797E8}.Release|Any CPU.ActiveCfg = Release|Any CPU
		{A7820866-7972-4A63-BDDA-9BFB903797E8}.Release|Any CPU.Build.0 = Release|Any CPU
		{A7820866-7972-4A63-BDDA-9BFB903797E8}.Release|x64.ActiveCfg = Release|Any CPU
		{A7820866-7972-4A63-BDDA-9BFB903797E8}.Release|x86.ActiveCfg = Release|Any CPU
		{F7AD8BD2-1B14-4984-897B-1DF347397A85}.Debug|Any CPU.ActiveCfg = Debug|Any CPU
		{F7AD8BD2-1B14-4984-897B-1DF347397A85}.Debug|Any CPU.Build.0 = Debug|Any CPU
		{F7AD8BD2-1B14-4984-897B-1DF347397A85}.Debug|x64.ActiveCfg = Debug|Any CPU
		{F7AD8BD2-1B14-4984-897B-1DF347397A85}.Debug|x86.ActiveCfg = Debug|Any CPU
		{F7AD8BD2-1B14-4984-897B-1DF347397A85}.Release|Any CPU.ActiveCfg = Release|Any CPU
		{F7AD8BD2-1B14-4984-897B-1DF347397A85}.Release|Any CPU.Build.0 = Release|Any CPU
		{F7AD8BD2-1B14-4984-897B-1DF347397A85}.Release|x64.ActiveCfg = Release|Any CPU
		{F7AD8BD2-1B14-4984-897B-1DF347397A85}.Release|x86.ActiveCfg = Release|Any CPU
		{4714FE51-5482-4858-ABCE-86DB8CF05AD5}.Debug|Any CPU.ActiveCfg = Debug|Any CPU
		{4714FE51-5482-4858-ABCE-86DB8CF05AD5}.Debug|Any CPU.Build.0 = Debug|Any CPU
		{4714FE51-5482-4858-ABCE-86DB8CF05AD5}.Debug|x64.ActiveCfg = Debug|Any CPU
		{4714FE51-5482-4858-ABCE-86DB8CF05AD5}.Debug|x64.Build.0 = Debug|Any CPU
		{4714FE51-5482-4858-ABCE-86DB8CF05AD5}.Debug|x86.ActiveCfg = Debug|Any CPU
		{4714FE51-5482-4858-ABCE-86DB8CF05AD5}.Debug|x86.Build.0 = Debug|Any CPU
		{4714FE51-5482-4858-ABCE-86DB8CF05AD5}.Release|Any CPU.ActiveCfg = Release|Any CPU
		{4714FE51-5482-4858-ABCE-86DB8CF05AD5}.Release|Any CPU.Build.0 = Release|Any CPU
		{4714FE51-5482-4858-ABCE-86DB8CF05AD5}.Release|x64.ActiveCfg = Release|Any CPU
		{4714FE51-5482-4858-ABCE-86DB8CF05AD5}.Release|x64.Build.0 = Release|Any CPU
		{4714FE51-5482-4858-ABCE-86DB8CF05AD5}.Release|x86.ActiveCfg = Release|Any CPU
		{4714FE51-5482-4858-ABCE-86DB8CF05AD5}.Release|x86.Build.0 = Release|Any CPU
		{0E6DFC37-1EED-438A-A255-96CFDEA06200}.Debug|Any CPU.ActiveCfg = Debug|Any CPU
		{0E6DFC37-1EED-438A-A255-96CFDEA06200}.Debug|Any CPU.Build.0 = Debug|Any CPU
		{0E6DFC37-1EED-438A-A255-96CFDEA06200}.Debug|x64.ActiveCfg = Debug|Any CPU
		{0E6DFC37-1EED-438A-A255-96CFDEA06200}.Debug|x64.Build.0 = Debug|Any CPU
		{0E6DFC37-1EED-438A-A255-96CFDEA06200}.Debug|x86.ActiveCfg = Debug|Any CPU
		{0E6DFC37-1EED-438A-A255-96CFDEA06200}.Debug|x86.Build.0 = Debug|Any CPU
		{0E6DFC37-1EED-438A-A255-96CFDEA06200}.Release|Any CPU.ActiveCfg = Release|Any CPU
		{0E6DFC37-1EED-438A-A255-96CFDEA06200}.Release|Any CPU.Build.0 = Release|Any CPU
		{0E6DFC37-1EED-438A-A255-96CFDEA06200}.Release|x64.ActiveCfg = Release|Any CPU
		{0E6DFC37-1EED-438A-A255-96CFDEA06200}.Release|x64.Build.0 = Release|Any CPU
		{0E6DFC37-1EED-438A-A255-96CFDEA06200}.Release|x86.ActiveCfg = Release|Any CPU
		{0E6DFC37-1EED-438A-A255-96CFDEA06200}.Release|x86.Build.0 = Release|Any CPU
		{9FF2E9A5-955E-46AF-927E-9D653F9F76B8}.Debug|Any CPU.ActiveCfg = Debug|Any CPU
		{9FF2E9A5-955E-46AF-927E-9D653F9F76B8}.Debug|Any CPU.Build.0 = Debug|Any CPU
		{9FF2E9A5-955E-46AF-927E-9D653F9F76B8}.Debug|x64.ActiveCfg = Debug|Any CPU
		{9FF2E9A5-955E-46AF-927E-9D653F9F76B8}.Debug|x64.Build.0 = Debug|Any CPU
		{9FF2E9A5-955E-46AF-927E-9D653F9F76B8}.Debug|x86.ActiveCfg = Debug|Any CPU
		{9FF2E9A5-955E-46AF-927E-9D653F9F76B8}.Debug|x86.Build.0 = Debug|Any CPU
		{9FF2E9A5-955E-46AF-927E-9D653F9F76B8}.Release|Any CPU.ActiveCfg = Release|Any CPU
		{9FF2E9A5-955E-46AF-927E-9D653F9F76B8}.Release|Any CPU.Build.0 = Release|Any CPU
		{9FF2E9A5-955E-46AF-927E-9D653F9F76B8}.Release|x64.ActiveCfg = Release|Any CPU
		{9FF2E9A5-955E-46AF-927E-9D653F9F76B8}.Release|x64.Build.0 = Release|Any CPU
		{9FF2E9A5-955E-46AF-927E-9D653F9F76B8}.Release|x86.ActiveCfg = Release|Any CPU
		{9FF2E9A5-955E-46AF-927E-9D653F9F76B8}.Release|x86.Build.0 = Release|Any CPU
		{EA2393A6-1F97-4750-8958-E5387DEF4C0C}.Debug|Any CPU.ActiveCfg = Debug|Any CPU
		{EA2393A6-1F97-4750-8958-E5387DEF4C0C}.Debug|Any CPU.Build.0 = Debug|Any CPU
		{EA2393A6-1F97-4750-8958-E5387DEF4C0C}.Debug|x64.ActiveCfg = Debug|Any CPU
		{EA2393A6-1F97-4750-8958-E5387DEF4C0C}.Debug|x64.Build.0 = Debug|Any CPU
		{EA2393A6-1F97-4750-8958-E5387DEF4C0C}.Debug|x86.ActiveCfg = Debug|Any CPU
		{EA2393A6-1F97-4750-8958-E5387DEF4C0C}.Debug|x86.Build.0 = Debug|Any CPU
		{EA2393A6-1F97-4750-8958-E5387DEF4C0C}.Release|Any CPU.ActiveCfg = Release|Any CPU
		{EA2393A6-1F97-4750-8958-E5387DEF4C0C}.Release|Any CPU.Build.0 = Release|Any CPU
		{EA2393A6-1F97-4750-8958-E5387DEF4C0C}.Release|x64.ActiveCfg = Release|Any CPU
		{EA2393A6-1F97-4750-8958-E5387DEF4C0C}.Release|x64.Build.0 = Release|Any CPU
		{EA2393A6-1F97-4750-8958-E5387DEF4C0C}.Release|x86.ActiveCfg = Release|Any CPU
		{EA2393A6-1F97-4750-8958-E5387DEF4C0C}.Release|x86.Build.0 = Release|Any CPU
		{B35C939A-D5D1-4911-8DE6-356E475D52B8}.Debug|Any CPU.ActiveCfg = Debug|Any CPU
		{B35C939A-D5D1-4911-8DE6-356E475D52B8}.Debug|Any CPU.Build.0 = Debug|Any CPU
		{B35C939A-D5D1-4911-8DE6-356E475D52B8}.Debug|x64.ActiveCfg = Debug|Any CPU
		{B35C939A-D5D1-4911-8DE6-356E475D52B8}.Debug|x64.Build.0 = Debug|Any CPU
		{B35C939A-D5D1-4911-8DE6-356E475D52B8}.Debug|x86.ActiveCfg = Debug|Any CPU
		{B35C939A-D5D1-4911-8DE6-356E475D52B8}.Debug|x86.Build.0 = Debug|Any CPU
		{B35C939A-D5D1-4911-8DE6-356E475D52B8}.Release|Any CPU.ActiveCfg = Release|Any CPU
		{B35C939A-D5D1-4911-8DE6-356E475D52B8}.Release|Any CPU.Build.0 = Release|Any CPU
		{B35C939A-D5D1-4911-8DE6-356E475D52B8}.Release|x64.ActiveCfg = Release|Any CPU
		{B35C939A-D5D1-4911-8DE6-356E475D52B8}.Release|x64.Build.0 = Release|Any CPU
		{B35C939A-D5D1-4911-8DE6-356E475D52B8}.Release|x86.ActiveCfg = Release|Any CPU
		{B35C939A-D5D1-4911-8DE6-356E475D52B8}.Release|x86.Build.0 = Release|Any CPU
		{6ECDAB3D-96D3-40A3-A579-97C0FE980657}.Debug|Any CPU.ActiveCfg = Debug|Any CPU
		{6ECDAB3D-96D3-40A3-A579-97C0FE980657}.Debug|Any CPU.Build.0 = Debug|Any CPU
		{6ECDAB3D-96D3-40A3-A579-97C0FE980657}.Debug|x64.ActiveCfg = Debug|Any CPU
		{6ECDAB3D-96D3-40A3-A579-97C0FE980657}.Debug|x64.Build.0 = Debug|Any CPU
		{6ECDAB3D-96D3-40A3-A579-97C0FE980657}.Debug|x86.ActiveCfg = Debug|Any CPU
		{6ECDAB3D-96D3-40A3-A579-97C0FE980657}.Debug|x86.Build.0 = Debug|Any CPU
		{6ECDAB3D-96D3-40A3-A579-97C0FE980657}.Release|Any CPU.ActiveCfg = Release|Any CPU
		{6ECDAB3D-96D3-40A3-A579-97C0FE980657}.Release|Any CPU.Build.0 = Release|Any CPU
		{6ECDAB3D-96D3-40A3-A579-97C0FE980657}.Release|x64.ActiveCfg = Release|Any CPU
		{6ECDAB3D-96D3-40A3-A579-97C0FE980657}.Release|x64.Build.0 = Release|Any CPU
		{6ECDAB3D-96D3-40A3-A579-97C0FE980657}.Release|x86.ActiveCfg = Release|Any CPU
		{6ECDAB3D-96D3-40A3-A579-97C0FE980657}.Release|x86.Build.0 = Release|Any CPU
		{04228854-2EEE-44CC-ADCE-536119621295}.Debug|Any CPU.ActiveCfg = Debug|Any CPU
		{04228854-2EEE-44CC-ADCE-536119621295}.Debug|Any CPU.Build.0 = Debug|Any CPU
		{04228854-2EEE-44CC-ADCE-536119621295}.Debug|x64.ActiveCfg = Debug|Any CPU
		{04228854-2EEE-44CC-ADCE-536119621295}.Debug|x64.Build.0 = Debug|Any CPU
		{04228854-2EEE-44CC-ADCE-536119621295}.Debug|x86.ActiveCfg = Debug|Any CPU
		{04228854-2EEE-44CC-ADCE-536119621295}.Debug|x86.Build.0 = Debug|Any CPU
		{04228854-2EEE-44CC-ADCE-536119621295}.Release|Any CPU.ActiveCfg = Release|Any CPU
		{04228854-2EEE-44CC-ADCE-536119621295}.Release|Any CPU.Build.0 = Release|Any CPU
		{04228854-2EEE-44CC-ADCE-536119621295}.Release|x64.ActiveCfg = Release|Any CPU
		{04228854-2EEE-44CC-ADCE-536119621295}.Release|x64.Build.0 = Release|Any CPU
		{04228854-2EEE-44CC-ADCE-536119621295}.Release|x86.ActiveCfg = Release|Any CPU
		{04228854-2EEE-44CC-ADCE-536119621295}.Release|x86.Build.0 = Release|Any CPU
	EndGlobalSection
	GlobalSection(SolutionProperties) = preSolution
		HideSolutionNode = FALSE
	EndGlobalSection
	GlobalSection(NestedProjects) = preSolution
		{A7820866-7972-4A63-BDDA-9BFB903797E8} = {6AC8CDB4-F15E-43CD-AF9B-E6435671E64A}
		{F7AD8BD2-1B14-4984-897B-1DF347397A85} = {6AC8CDB4-F15E-43CD-AF9B-E6435671E64A}
		{4714FE51-5482-4858-ABCE-86DB8CF05AD5} = {6AC8CDB4-F15E-43CD-AF9B-E6435671E64A}
		{0E6DFC37-1EED-438A-A255-96CFDEA06200} = {6AC8CDB4-F15E-43CD-AF9B-E6435671E64A}
		{6AC8CDB4-F15E-43CD-AF9B-E6435671E64A} = {F49BC940-A1EC-41EE-ACAB-E3DB02A58EC4}
		{9FF2E9A5-955E-46AF-927E-9D653F9F76B8} = {6AC8CDB4-F15E-43CD-AF9B-E6435671E64A}
		{EA2393A6-1F97-4750-8958-E5387DEF4C0C} = {6AC8CDB4-F15E-43CD-AF9B-E6435671E64A}
		{B35C939A-D5D1-4911-8DE6-356E475D52B8} = {6AC8CDB4-F15E-43CD-AF9B-E6435671E64A}
		{6ECDAB3D-96D3-40A3-A579-97C0FE980657} = {6AC8CDB4-F15E-43CD-AF9B-E6435671E64A}
		{04228854-2EEE-44CC-ADCE-536119621295} = {6AC8CDB4-F15E-43CD-AF9B-E6435671E64A}
	EndGlobalSection
	GlobalSection(ExtensibilityGlobals) = postSolution
		SolutionGuid = {B16ACED0-8B16-4E14-B2A1-CD4DC482B187}
	EndGlobalSection
EndGlobal
